
Microsoft Visual Studio Solution File, Format Version 12.00
# Visual Studio 14
VisualStudioVersion = 14.0.25123.0
MinimumVisualStudioVersion = 10.0.40219.1
Project("{FAE04EC0-301F-11D3-BF4B-00C04F79EFBC}") = "DotFinder", "DotFinder\DotFinder.csproj", "{BFCE7532-A6A0-4285-8EF9-F449FB6B1EB9}"
EndProject
Global
	GlobalSection(SolutionConfigurationPlatforms) = preSolution
		Debug|Any CPU = Debug|Any CPU
		Release|Any CPU = Release|Any CPU
	EndGlobalSection
	GlobalSection(ProjectConfigurationPlatforms) = postSolution
		{BFCE7532-A6A0-4285-8EF9-F449FB6B1EB9}.Debug|Any CPU.ActiveCfg = Debug|Any CPU
		{BFCE7532-A6A0-4285-8EF9-F449FB6B1EB9}.Debug|Any CPU.Build.0 = Debug|Any CPU
		{BFCE7532-A6A0-4285-8EF9-F449FB6B1EB9}.Release|Any CPU.ActiveCfg = Release|Any CPU
		{BFCE7532-A6A0-4285-8EF9-F449FB6B1EB9}.Release|Any CPU.Build.0 = Release|Any CPU
	EndGlobalSection
	GlobalSection(SolutionProperties) = preSolution
		HideSolutionNode = FALSE
	EndGlobalSection
EndGlobal
